
Microsoft Visual Studio Solution File, Format Version 12.00
# Visual Studio 15
VisualStudioVersion = 15.0.27703.2000
MinimumVisualStudioVersion = 10.0.40219.1
Project("{FAE04EC0-301F-11D3-BF4B-00C04F79EFBC}") = "TesseractOcr.Android", "TesseractOcr\TesseractOcr.Android\TesseractOcr.Android.csproj", "{12BA646B-1760-46BB-A852-67474A8BD28B}"
EndProject
Project("{D954291E-2A0B-460D-934E-DC6B0785DB48}") = "TesseractOcr", "TesseractOcr\TesseractOcr\TesseractOcr.shproj", "{8C2BDBCE-6A7E-46D5-9C72-934A80D85734}"
EndProject
Global
	GlobalSection(SharedMSBuildProjectFiles) = preSolution
		TesseractOcr\TesseractOcr\TesseractOcr.projitems*{12ba646b-1760-46bb-a852-67474a8bd28b}*SharedItemsImports = 4
		TesseractOcr\TesseractOcr\TesseractOcr.projitems*{8c2bdbce-6a7e-46d5-9c72-934a80d85734}*SharedItemsImports = 13
	EndGlobalSection
	GlobalSection(SolutionConfigurationPlatforms) = preSolution
		Debug|Any CPU = Debug|Any CPU
		Release|Any CPU = Release|Any CPU
	EndGlobalSection
	GlobalSection(ProjectConfigurationPlatforms) = postSolution
		{12BA646B-1760-46BB-A852-67474A8BD28B}.Debug|Any CPU.ActiveCfg = Debug|Any CPU
		{12BA646B-1760-46BB-A852-67474A8BD28B}.Debug|Any CPU.Build.0 = Debug|Any CPU
		{12BA646B-1760-46BB-A852-67474A8BD28B}.Debug|Any CPU.Deploy.0 = Debug|Any CPU
		{12BA646B-1760-46BB-A852-67474A8BD28B}.Release|Any CPU.ActiveCfg = Release|Any CPU
		{12BA646B-1760-46BB-A852-67474A8BD28B}.Release|Any CPU.Build.0 = Release|Any CPU
		{12BA646B-1760-46BB-A852-67474A8BD28B}.Release|Any CPU.Deploy.0 = Release|Any CPU
	EndGlobalSection
	GlobalSection(SolutionProperties) = preSolution
		HideSolutionNode = FALSE
	EndGlobalSection
	GlobalSection(ExtensibilityGlobals) = postSolution
		SolutionGuid = {C9630D84-5119-4A2A-BC34-C971982F4636}
	EndGlobalSection
EndGlobal
